
Microsoft Visual Studio Solution File, Format Version 12.00
# Visual Studio Version 17
VisualStudioVersion = 17.8.34511.84
MinimumVisualStudioVersion = 10.0.40219.1
Project("{FAE04EC0-301F-11D3-BF4B-00C04F79EFBC}") = "PM2E1393472", "PM2E1393472.csproj", "{D3C1A3AB-29AD-4020-942D-127CDFB8EBDF}"
EndProject
Global
	GlobalSection(SolutionConfigurationPlatforms) = preSolution
		Debug|Any CPU = Debug|Any CPU
		Release|Any CPU = Release|Any CPU
	EndGlobalSection
	GlobalSection(ProjectConfigurationPlatforms) = postSolution
		{D3C1A3AB-29AD-4020-942D-127CDFB8EBDF}.Debug|Any CPU.ActiveCfg = Debug|Any CPU
		{D3C1A3AB-29AD-4020-942D-127CDFB8EBDF}.Debug|Any CPU.Build.0 = Debug|Any CPU
		{D3C1A3AB-29AD-4020-942D-127CDFB8EBDF}.Debug|Any CPU.Deploy.0 = Debug|Any CPU
		{D3C1A3AB-29AD-4020-942D-127CDFB8EBDF}.Release|Any CPU.ActiveCfg = Release|Any CPU
		{D3C1A3AB-29AD-4020-942D-127CDFB8EBDF}.Release|Any CPU.Build.0 = Release|Any CPU
		{D3C1A3AB-29AD-4020-942D-127CDFB8EBDF}.Release|Any CPU.Deploy.0 = Release|Any CPU
	EndGlobalSection
	GlobalSection(SolutionProperties) = preSolution
		HideSolutionNode = FALSE
	EndGlobalSection
	GlobalSection(ExtensibilityGlobals) = postSolution
		SolutionGuid = {D7D20BAA-1F71-4B2A-B9BB-AEEB346894F4}
	EndGlobalSection
EndGlobal
